
Microsoft Visual Studio Solution File, Format Version 12.00
# Visual Studio Version 17
VisualStudioVersion = 17.8.34316.72
MinimumVisualStudioVersion = 10.0.40219.1
Project("{FAE04EC0-301F-11D3-BF4B-00C04F79EFBC}") = "Lab9Ex2", "Lab9Ex2.csproj", "{1F3B898B-6D44-4B2A-A2D7-2892079308A8}"
EndProject
Global
	GlobalSection(SolutionConfigurationPlatforms) = preSolution
		Debug|Any CPU = Debug|Any CPU
		Release|Any CPU = Release|Any CPU
	EndGlobalSection
	GlobalSection(ProjectConfigurationPlatforms) = postSolution
		{1F3B898B-6D44-4B2A-A2D7-2892079308A8}.Debug|Any CPU.ActiveCfg = Debug|Any CPU
		{1F3B898B-6D44-4B2A-A2D7-2892079308A8}.Debug|Any CPU.Build.0 = Debug|Any CPU
		{1F3B898B-6D44-4B2A-A2D7-2892079308A8}.Release|Any CPU.ActiveCfg = Release|Any CPU
		{1F3B898B-6D44-4B2A-A2D7-2892079308A8}.Release|Any CPU.Build.0 = Release|Any CPU
	EndGlobalSection
	GlobalSection(SolutionProperties) = preSolution
		HideSolutionNode = FALSE
	EndGlobalSection
	GlobalSection(ExtensibilityGlobals) = postSolution
		SolutionGuid = {1BE2DE7F-33C4-4541-A544-779FA59F05FE}
	EndGlobalSection
EndGlobal
